// !$*UTF8*$!
{
	archiveVersion = 1;
	classes = {
	};
	objectVersion = 56;
	objects = {

/* Begin PBXBuildFile section */
		2032A5292927B62200DEB9AC /* UserAuthModel.swift in Sources */ = {isa = PBXBuildFile; fileRef = 2032A5282927B62200DEB9AC /* UserAuthModel.swift */; };
		204630832924B90200C60AC7 /* GoogleSignInSwift in Frameworks */ = {isa = PBXBuildFile; productRef = 204630822924B90200C60AC7 /* GoogleSignInSwift */; };
		2046308C2924C68400C60AC7 /* LoginView.swift in Sources */ = {isa = PBXBuildFile; fileRef = 2046308B2924C68400C60AC7 /* LoginView.swift */; };
		20A5F13B2931E977004D6DE8 /* TestView.swift in Sources */ = {isa = PBXBuildFile; fileRef = 20A5F13A2931E977004D6DE8 /* TestView.swift */; };
		20E9FD862941F67E00324DCC /* SettingView.swift in Sources */ = {isa = PBXBuildFile; fileRef = 20E9FD842941F67E00324DCC /* SettingView.swift */; };
		20E9FD872941F67E00324DCC /* SettingUserView.swift in Sources */ = {isa = PBXBuildFile; fileRef = 20E9FD852941F67E00324DCC /* SettingUserView.swift */; };
		657CBD9B2923347600C238F7 /* MainView.swift in Sources */ = {isa = PBXBuildFile; fileRef = 657CBD9A2923347600C238F7 /* MainView.swift */; };
		657CBD9D29238F5400C238F7 /* TabbarView.swift in Sources */ = {isa = PBXBuildFile; fileRef = 657CBD9C29238F5400C238F7 /* TabbarView.swift */; };
		65C9A578293DD4BC008F779F /* DiaryMaker.swift in Sources */ = {isa = PBXBuildFile; fileRef = 65C9A577293DD4BB008F779F /* DiaryMaker.swift */; };
		8308E45429162B6100C7C950 /* today_photoApp.swift in Sources */ = {isa = PBXBuildFile; fileRef = 8308E45329162B6100C7C950 /* today_photoApp.swift */; };
		8308E45629162B6100C7C950 /* ContentView.swift in Sources */ = {isa = PBXBuildFile; fileRef = 8308E45529162B6100C7C950 /* ContentView.swift */; };
		8308E45829162B6300C7C950 /* Assets.xcassets in Resources */ = {isa = PBXBuildFile; fileRef = 8308E45729162B6300C7C950 /* Assets.xcassets */; };
		8308E45B29162B6300C7C950 /* Preview Assets.xcassets in Resources */ = {isa = PBXBuildFile; fileRef = 8308E45A29162B6300C7C950 /* Preview Assets.xcassets */; };
		8308E4822920A10400C7C950 /* FirebaseAnalytics in Frameworks */ = {isa = PBXBuildFile; productRef = 8308E4812920A10400C7C950 /* FirebaseAnalytics */; };
		8308E4842920A10400C7C950 /* FirebaseAuth in Frameworks */ = {isa = PBXBuildFile; productRef = 8308E4832920A10400C7C950 /* FirebaseAuth */; };
		8308E4862920A10400C7C950 /* FirebaseFirestore in Frameworks */ = {isa = PBXBuildFile; productRef = 8308E4852920A10400C7C950 /* FirebaseFirestore */; };
		8308E4882920A10400C7C950 /* FirebaseFirestoreSwift in Frameworks */ = {isa = PBXBuildFile; productRef = 8308E4872920A10400C7C950 /* FirebaseFirestoreSwift */; };
		8308E48A2920A10400C7C950 /* FirebaseStorage in Frameworks */ = {isa = PBXBuildFile; productRef = 8308E4892920A10400C7C950 /* FirebaseStorage */; };
		8352D4B92941EAE100CC4803 /* GoogleService-Info.plist in Resources */ = {isa = PBXBuildFile; fileRef = 8352D4B82941EAE100CC4803 /* GoogleService-Info.plist */; };
		838296152923992700F6B776 /* WritingDiaryView.swift in Sources */ = {isa = PBXBuildFile; fileRef = 838296142923992700F6B776 /* WritingDiaryView.swift */; };
		8382961929239D4F00F6B776 /* CameraView.swift in Sources */ = {isa = PBXBuildFile; fileRef = 8382961829239D4F00F6B776 /* CameraView.swift */; };
		83AD3359293615A6000C0F9D /* CameraCoverView.swift in Sources */ = {isa = PBXBuildFile; fileRef = 83AD3358293615A6000C0F9D /* CameraCoverView.swift */; };
		83FD291B293B9DF70082319A /* WritingDiaryConnectionView.swift in Sources */ = {isa = PBXBuildFile; fileRef = 83FD291A293B9DF70082319A /* WritingDiaryConnectionView.swift */; };
		B558F438292144D9002A47F5 /* .swiftlint.yml in Resources */ = {isa = PBXBuildFile; fileRef = B558F437292144D9002A47F5 /* .swiftlint.yml */; };
/* End PBXBuildFile section */

/* Begin PBXFileReference section */
		2032A5282927B62200DEB9AC /* UserAuthModel.swift */ = {isa = PBXFileReference; lastKnownFileType = sourcecode.swift; path = UserAuthModel.swift; sourceTree = "<group>"; };
		2046308B2924C68400C60AC7 /* LoginView.swift */ = {isa = PBXFileReference; lastKnownFileType = sourcecode.swift; path = LoginView.swift; sourceTree = "<group>"; };
		2046308D2924CBC300C60AC7 /* Info.plist */ = {isa = PBXFileReference; lastKnownFileType = text.plist; path = Info.plist; sourceTree = "<group>"; };
		20A5F13A2931E977004D6DE8 /* TestView.swift */ = {isa = PBXFileReference; lastKnownFileType = sourcecode.swift; path = TestView.swift; sourceTree = "<group>"; };
		20E9FD842941F67E00324DCC /* SettingView.swift */ = {isa = PBXFileReference; fileEncoding = 4; lastKnownFileType = sourcecode.swift; path = SettingView.swift; sourceTree = "<group>"; };
		20E9FD852941F67E00324DCC /* SettingUserView.swift */ = {isa = PBXFileReference; fileEncoding = 4; lastKnownFileType = sourcecode.swift; path = SettingUserView.swift; sourceTree = "<group>"; };
		657CBD9A2923347600C238F7 /* MainView.swift */ = {isa = PBXFileReference; lastKnownFileType = sourcecode.swift; path = MainView.swift; sourceTree = "<group>"; };
		657CBD9C29238F5400C238F7 /* TabbarView.swift */ = {isa = PBXFileReference; lastKnownFileType = sourcecode.swift; path = TabbarView.swift; sourceTree = "<group>"; };
		65C9A577293DD4BB008F779F /* DiaryMaker.swift */ = {isa = PBXFileReference; lastKnownFileType = sourcecode.swift; path = DiaryMaker.swift; sourceTree = "<group>"; };
		8308E45029162B6100C7C950 /* today-photo.app */ = {isa = PBXFileReference; explicitFileType = wrapper.application; includeInIndex = 0; path = "today-photo.app"; sourceTree = BUILT_PRODUCTS_DIR; };
		8308E45329162B6100C7C950 /* today_photoApp.swift */ = {isa = PBXFileReference; lastKnownFileType = sourcecode.swift; path = today_photoApp.swift; sourceTree = "<group>"; };
		8308E45529162B6100C7C950 /* ContentView.swift */ = {isa = PBXFileReference; lastKnownFileType = sourcecode.swift; path = ContentView.swift; sourceTree = "<group>"; };
		8308E45729162B6300C7C950 /* Assets.xcassets */ = {isa = PBXFileReference; lastKnownFileType = folder.assetcatalog; path = Assets.xcassets; sourceTree = "<group>"; };
		8308E45A29162B6300C7C950 /* Preview Assets.xcassets */ = {isa = PBXFileReference; lastKnownFileType = folder.assetcatalog; path = "Preview Assets.xcassets"; sourceTree = "<group>"; };
		8352D4B82941EAE100CC4803 /* GoogleService-Info.plist */ = {isa = PBXFileReference; fileEncoding = 4; lastKnownFileType = text.plist.xml; path = "GoogleService-Info.plist"; sourceTree = "<group>"; };
		838296142923992700F6B776 /* WritingDiaryView.swift */ = {isa = PBXFileReference; lastKnownFileType = sourcecode.swift; path = WritingDiaryView.swift; sourceTree = "<group>"; };
		8382961829239D4F00F6B776 /* CameraView.swift */ = {isa = PBXFileReference; lastKnownFileType = sourcecode.swift; path = CameraView.swift; sourceTree = "<group>"; };
		83AD3358293615A6000C0F9D /* CameraCoverView.swift */ = {isa = PBXFileReference; lastKnownFileType = sourcecode.swift; path = CameraCoverView.swift; sourceTree = "<group>"; };
		83FD291A293B9DF70082319A /* WritingDiaryConnectionView.swift */ = {isa = PBXFileReference; lastKnownFileType = sourcecode.swift; path = WritingDiaryConnectionView.swift; sourceTree = "<group>"; };
		B558F437292144D9002A47F5 /* .swiftlint.yml */ = {isa = PBXFileReference; lastKnownFileType = text.yaml; path = .swiftlint.yml; sourceTree = "<group>"; };
/* End PBXFileReference section */

/* Begin PBXFrameworksBuildPhase section */
		8308E44D29162B6100C7C950 /* Frameworks */ = {
			isa = PBXFrameworksBuildPhase;
			buildActionMask = 2147483647;
			files = (
				8308E4822920A10400C7C950 /* FirebaseAnalytics in Frameworks */,
				8308E4842920A10400C7C950 /* FirebaseAuth in Frameworks */,
				8308E4862920A10400C7C950 /* FirebaseFirestore in Frameworks */,
				204630832924B90200C60AC7 /* GoogleSignInSwift in Frameworks */,
				8308E48A2920A10400C7C950 /* FirebaseStorage in Frameworks */,
				8308E4882920A10400C7C950 /* FirebaseFirestoreSwift in Frameworks */,
			);
			runOnlyForDeploymentPostprocessing = 0;
		};
/* End PBXFrameworksBuildPhase section */

/* Begin PBXGroup section */
		20E9FD832941F66200324DCC /* SettingView */ = {
			isa = PBXGroup;
			children = (
				20E9FD852941F67E00324DCC /* SettingUserView.swift */,
				20E9FD842941F67E00324DCC /* SettingView.swift */,
			);
			path = SettingView;
			sourceTree = "<group>";
		};
		8308E44729162B6100C7C950 = {
			isa = PBXGroup;
			children = (
				B558F437292144D9002A47F5 /* .swiftlint.yml */,
				8308E45229162B6100C7C950 /* today-photo */,
				8308E45129162B6100C7C950 /* Products */,
			);
			sourceTree = "<group>";
		};
		8308E45129162B6100C7C950 /* Products */ = {
			isa = PBXGroup;
			children = (
				8308E45029162B6100C7C950 /* today-photo.app */,
			);
			name = Products;
			sourceTree = "<group>";
		};
		8308E45229162B6100C7C950 /* today-photo */ = {
			isa = PBXGroup;
			children = (
				8352D4B52941EA4500CC4803 /* Model */,
				8308E45329162B6100C7C950 /* today_photoApp.swift */,
				83829613292397E300F6B776 /* View */,
				8308E45729162B6300C7C950 /* Assets.xcassets */,
				2046308D2924CBC300C60AC7 /* Info.plist */,
				8352D4B82941EAE100CC4803 /* GoogleService-Info.plist */,
				8308E45929162B6300C7C950 /* Preview Content */,
			);
			path = "today-photo";
			sourceTree = "<group>";
		};
		8308E45929162B6300C7C950 /* Preview Content */ = {
			isa = PBXGroup;
			children = (
				8308E45A29162B6300C7C950 /* Preview Assets.xcassets */,
			);
			path = "Preview Content";
			sourceTree = "<group>";
		};
		8352D4B42941E9F200CC4803 /* LoginView */ = {
			isa = PBXGroup;
			children = (
				2046308B2924C68400C60AC7 /* LoginView.swift */,
				20A5F13A2931E977004D6DE8 /* TestView.swift */,
			);
			path = LoginView;
			sourceTree = "<group>";
		};
		8352D4B52941EA4500CC4803 /* Model */ = {
			isa = PBXGroup;
			children = (
				2032A5282927B62200DEB9AC /* UserAuthModel.swift */,
			);
			path = Model;
			sourceTree = "<group>";
		};
		8352D4BA2941EAFD00CC4803 /* TabBar */ = {
			isa = PBXGroup;
			children = (
				657CBD9C29238F5400C238F7 /* TabbarView.swift */,
			);
			path = TabBar;
			sourceTree = "<group>";
		};
		8352D4BB2941EB2900CC4803 /* DiaryMaker */ = {
			isa = PBXGroup;
			children = (
				65C9A577293DD4BB008F779F /* DiaryMaker.swift */,
			);
			path = DiaryMaker;
			sourceTree = "<group>";
		};
		8352D4BC2941EB7A00CC4803 /* MainView */ = {
			isa = PBXGroup;
			children = (
				657CBD9A2923347600C238F7 /* MainView.swift */,
				8352D4BB2941EB2900CC4803 /* DiaryMaker */,
			);
			path = MainView;
			sourceTree = "<group>";
		};
		83829613292397E300F6B776 /* View */ = {
			isa = PBXGroup;
			children = (
				20E9FD832941F66200324DCC /* SettingView */,
				8308E45529162B6100C7C950 /* ContentView.swift */,
				83FD291A293B9DF70082319A /* WritingDiaryConnectionView.swift */,
				8352D4B42941E9F200CC4803 /* LoginView */,
				8352D4BC2941EB7A00CC4803 /* MainView */,
				8382961B2923D44900F6B776 /* WritingDiaryView */,
				8352D4BA2941EAFD00CC4803 /* TabBar */,
			);
			path = View;
			sourceTree = "<group>";
		};
		8382961B2923D44900F6B776 /* WritingDiaryView */ = {
			isa = PBXGroup;
			children = (
				838296142923992700F6B776 /* WritingDiaryView.swift */,
				83AD33572936156D000C0F9D /* Camera */,
			);
			path = WritingDiaryView;
			sourceTree = "<group>";
		};
		83AD33572936156D000C0F9D /* Camera */ = {
			isa = PBXGroup;
			children = (
				83AD3358293615A6000C0F9D /* CameraCoverView.swift */,
				8382961829239D4F00F6B776 /* CameraView.swift */,
			);
			path = Camera;
			sourceTree = "<group>";
		};
/* End PBXGroup section */

/* Begin PBXNativeTarget section */
		8308E44F29162B6100C7C950 /* today-photo */ = {
			isa = PBXNativeTarget;
			buildConfigurationList = 8308E45E29162B6300C7C950 /* Build configuration list for PBXNativeTarget "today-photo" */;
			buildPhases = (
				B558F4362921446A002A47F5 /* SwiftLint Script */,
				8308E44C29162B6100C7C950 /* Sources */,
				8308E44D29162B6100C7C950 /* Frameworks */,
				8308E44E29162B6100C7C950 /* Resources */,
			);
			buildRules = (
			);
			dependencies = (
			);
			name = "today-photo";
			packageProductDependencies = (
				8308E4812920A10400C7C950 /* FirebaseAnalytics */,
				8308E4832920A10400C7C950 /* FirebaseAuth */,
				8308E4852920A10400C7C950 /* FirebaseFirestore */,
				8308E4872920A10400C7C950 /* FirebaseFirestoreSwift */,
				8308E4892920A10400C7C950 /* FirebaseStorage */,
				204630822924B90200C60AC7 /* GoogleSignInSwift */,
			);
			productName = "today-photo";
			productReference = 8308E45029162B6100C7C950 /* today-photo.app */;
			productType = "com.apple.product-type.application";
		};
/* End PBXNativeTarget section */

/* Begin PBXProject section */
		8308E44829162B6100C7C950 /* Project object */ = {
			isa = PBXProject;
			attributes = {
				BuildIndependentTargetsInParallel = 1;
				LastSwiftUpdateCheck = 1400;
				LastUpgradeCheck = 1400;
				TargetAttributes = {
					8308E44F29162B6100C7C950 = {
						CreatedOnToolsVersion = 14.0.1;
					};
				};
			};
			buildConfigurationList = 8308E44B29162B6100C7C950 /* Build configuration list for PBXProject "today-photo" */;
			compatibilityVersion = "Xcode 14.0";
			developmentRegion = en;
			hasScannedForEncodings = 0;
			knownRegions = (
				en,
				Base,
			);
			mainGroup = 8308E44729162B6100C7C950;
			packageReferences = (
				8308E4802920A10400C7C950 /* XCRemoteSwiftPackageReference "firebase-ios-sdk" */,
				204630812924B90200C60AC7 /* XCRemoteSwiftPackageReference "GoogleSignIn-iOS" */,
			);
			productRefGroup = 8308E45129162B6100C7C950 /* Products */;
			projectDirPath = "";
			projectRoot = "";
			targets = (
				8308E44F29162B6100C7C950 /* today-photo */,
			);
		};
/* End PBXProject section */

/* Begin PBXResourcesBuildPhase section */
		8308E44E29162B6100C7C950 /* Resources */ = {
			isa = PBXResourcesBuildPhase;
			buildActionMask = 2147483647;
			files = (
				B558F438292144D9002A47F5 /* .swiftlint.yml in Resources */,
				8352D4B92941EAE100CC4803 /* GoogleService-Info.plist in Resources */,
				8308E45B29162B6300C7C950 /* Preview Assets.xcassets in Resources */,
				8308E45829162B6300C7C950 /* Assets.xcassets in Resources */,
			);
			runOnlyForDeploymentPostprocessing = 0;
		};
/* End PBXResourcesBuildPhase section */

/* Begin PBXShellScriptBuildPhase section */
		B558F4362921446A002A47F5 /* SwiftLint Script */ = {
			isa = PBXShellScriptBuildPhase;
			alwaysOutOfDate = 1;
			buildActionMask = 2147483647;
			files = (
			);
			inputFileListPaths = (
			);
			inputPaths = (
			);
			name = "SwiftLint Script";
			outputFileListPaths = (
			);
			outputPaths = (
			);
			runOnlyForDeploymentPostprocessing = 0;
			shellPath = /bin/sh;
			shellScript = "if test -d \"/opt/homebrew/bin/\"; then\n  PATH=\"/opt/homebrew/bin/:${PATH}\"\nfi\n\nexport PATH\n\nif which swiftlint >/dev/null; then\n  swiftlint\nelse\n  echo \"warning: SwiftLint not installed, download from https://github.com/realm/SwiftLint\"\nfi\n";
		};
/* End PBXShellScriptBuildPhase section */

/* Begin PBXSourcesBuildPhase section */
		8308E44C29162B6100C7C950 /* Sources */ = {
			isa = PBXSourcesBuildPhase;
			buildActionMask = 2147483647;
			files = (
				2032A5292927B62200DEB9AC /* UserAuthModel.swift in Sources */,
				20A5F13B2931E977004D6DE8 /* TestView.swift in Sources */,
				2046308C2924C68400C60AC7 /* LoginView.swift in Sources */,
				65C9A578293DD4BC008F779F /* DiaryMaker.swift in Sources */,
				20E9FD872941F67E00324DCC /* SettingUserView.swift in Sources */,
				8308E45629162B6100C7C950 /* ContentView.swift in Sources */,
				657CBD9B2923347600C238F7 /* MainView.swift in Sources */,
				657CBD9D29238F5400C238F7 /* TabbarView.swift in Sources */,
				8308E45429162B6100C7C950 /* today_photoApp.swift in Sources */,
				20E9FD862941F67E00324DCC /* SettingView.swift in Sources */,
				838296152923992700F6B776 /* WritingDiaryView.swift in Sources */,
				8382961929239D4F00F6B776 /* CameraView.swift in Sources */,
				83FD291B293B9DF70082319A /* WritingDiaryConnectionView.swift in Sources */,
				83AD3359293615A6000C0F9D /* CameraCoverView.swift in Sources */,
			);
			runOnlyForDeploymentPostprocessing = 0;
		};
/* End PBXSourcesBuildPhase section */

/* Begin XCBuildConfiguration section */
		8308E45C29162B6300C7C950 /* Debug */ = {
			isa = XCBuildConfiguration;
			buildSettings = {
				ALWAYS_SEARCH_USER_PATHS = NO;
				CLANG_ANALYZER_NONNULL = YES;
				CLANG_ANALYZER_NUMBER_OBJECT_CONVERSION = YES_AGGRESSIVE;
				CLANG_CXX_LANGUAGE_STANDARD = "gnu++20";
				CLANG_ENABLE_MODULES = YES;
				CLANG_ENABLE_OBJC_ARC = YES;
				CLANG_ENABLE_OBJC_WEAK = YES;
				CLANG_WARN_BLOCK_CAPTURE_AUTORELEASING = YES;
				CLANG_WARN_BOOL_CONVERSION = YES;
				CLANG_WARN_COMMA = YES;
				CLANG_WARN_CONSTANT_CONVERSION = YES;
				CLANG_WARN_DEPRECATED_OBJC_IMPLEMENTATIONS = YES;
				CLANG_WARN_DIRECT_OBJC_ISA_USAGE = YES_ERROR;
				CLANG_WARN_DOCUMENTATION_COMMENTS = YES;
				CLANG_WARN_EMPTY_BODY = YES;
				CLANG_WARN_ENUM_CONVERSION = YES;
				CLANG_WARN_INFINITE_RECURSION = YES;
				CLANG_WARN_INT_CONVERSION = YES;
				CLANG_WARN_NON_LITERAL_NULL_CONVERSION = YES;
				CLANG_WARN_OBJC_IMPLICIT_RETAIN_SELF = YES;
				CLANG_WARN_OBJC_LITERAL_CONVERSION = YES;
				CLANG_WARN_OBJC_ROOT_CLASS = YES_ERROR;
				CLANG_WARN_QUOTED_INCLUDE_IN_FRAMEWORK_HEADER = YES;
				CLANG_WARN_RANGE_LOOP_ANALYSIS = YES;
				CLANG_WARN_STRICT_PROTOTYPES = YES;
				CLANG_WARN_SUSPICIOUS_MOVE = YES;
				CLANG_WARN_UNGUARDED_AVAILABILITY = YES_AGGRESSIVE;
				CLANG_WARN_UNREACHABLE_CODE = YES;
				CLANG_WARN__DUPLICATE_METHOD_MATCH = YES;
				COPY_PHASE_STRIP = NO;
				DEBUG_INFORMATION_FORMAT = dwarf;
				ENABLE_STRICT_OBJC_MSGSEND = YES;
				ENABLE_TESTABILITY = YES;
				GCC_C_LANGUAGE_STANDARD = gnu11;
				GCC_DYNAMIC_NO_PIC = NO;
				GCC_NO_COMMON_BLOCKS = YES;
				GCC_OPTIMIZATION_LEVEL = 0;
				GCC_PREPROCESSOR_DEFINITIONS = (
					"DEBUG=1",
					"$(inherited)",
				);
				GCC_WARN_64_TO_32_BIT_CONVERSION = YES;
				GCC_WARN_ABOUT_RETURN_TYPE = YES_ERROR;
				GCC_WARN_UNDECLARED_SELECTOR = YES;
				GCC_WARN_UNINITIALIZED_AUTOS = YES_AGGRESSIVE;
				GCC_WARN_UNUSED_FUNCTION = YES;
				GCC_WARN_UNUSED_VARIABLE = YES;
				IPHONEOS_DEPLOYMENT_TARGET = 16.0;
				MTL_ENABLE_DEBUG_INFO = INCLUDE_SOURCE;
				MTL_FAST_MATH = YES;
				ONLY_ACTIVE_ARCH = YES;
				SDKROOT = iphoneos;
				SWIFT_ACTIVE_COMPILATION_CONDITIONS = DEBUG;
				SWIFT_OPTIMIZATION_LEVEL = "-Onone";
			};
			name = Debug;
		};
		8308E45D29162B6300C7C950 /* Release */ = {
			isa = XCBuildConfiguration;
			buildSettings = {
				ALWAYS_SEARCH_USER_PATHS = NO;
				CLANG_ANALYZER_NONNULL = YES;
				CLANG_ANALYZER_NUMBER_OBJECT_CONVERSION = YES_AGGRESSIVE;
				CLANG_CXX_LANGUAGE_STANDARD = "gnu++20";
				CLANG_ENABLE_MODULES = YES;
				CLANG_ENABLE_OBJC_ARC = YES;
				CLANG_ENABLE_OBJC_WEAK = YES;
				CLANG_WARN_BLOCK_CAPTURE_AUTORELEASING = YES;
				CLANG_WARN_BOOL_CONVERSION = YES;
				CLANG_WARN_COMMA = YES;
				CLANG_WARN_CONSTANT_CONVERSION = YES;
				CLANG_WARN_DEPRECATED_OBJC_IMPLEMENTATIONS = YES;
				CLANG_WARN_DIRECT_OBJC_ISA_USAGE = YES_ERROR;
				CLANG_WARN_DOCUMENTATION_COMMENTS = YES;
				CLANG_WARN_EMPTY_BODY = YES;
				CLANG_WARN_ENUM_CONVERSION = YES;
				CLANG_WARN_INFINITE_RECURSION = YES;
				CLANG_WARN_INT_CONVERSION = YES;
				CLANG_WARN_NON_LITERAL_NULL_CONVERSION = YES;
				CLANG_WARN_OBJC_IMPLICIT_RETAIN_SELF = YES;
				CLANG_WARN_OBJC_LITERAL_CONVERSION = YES;
				CLANG_WARN_OBJC_ROOT_CLASS = YES_ERROR;
				CLANG_WARN_QUOTED_INCLUDE_IN_FRAMEWORK_HEADER = YES;
				CLANG_WARN_RANGE_LOOP_ANALYSIS = YES;
				CLANG_WARN_STRICT_PROTOTYPES = YES;
				CLANG_WARN_SUSPICIOUS_MOVE = YES;
				CLANG_WARN_UNGUARDED_AVAILABILITY = YES_AGGRESSIVE;
				CLANG_WARN_UNREACHABLE_CODE = YES;
				CLANG_WARN__DUPLICATE_METHOD_MATCH = YES;
				COPY_PHASE_STRIP = NO;
				DEBUG_INFORMATION_FORMAT = "dwarf-with-dsym";
				ENABLE_NS_ASSERTIONS = NO;
				ENABLE_STRICT_OBJC_MSGSEND = YES;
				GCC_C_LANGUAGE_STANDARD = gnu11;
				GCC_NO_COMMON_BLOCKS = YES;
				GCC_WARN_64_TO_32_BIT_CONVERSION = YES;
				GCC_WARN_ABOUT_RETURN_TYPE = YES_ERROR;
				GCC_WARN_UNDECLARED_SELECTOR = YES;
				GCC_WARN_UNINITIALIZED_AUTOS = YES_AGGRESSIVE;
				GCC_WARN_UNUSED_FUNCTION = YES;
				GCC_WARN_UNUSED_VARIABLE = YES;
				IPHONEOS_DEPLOYMENT_TARGET = 16.0;
				MTL_ENABLE_DEBUG_INFO = NO;
				MTL_FAST_MATH = YES;
				SDKROOT = iphoneos;
				SWIFT_COMPILATION_MODE = wholemodule;
				SWIFT_OPTIMIZATION_LEVEL = "-O";
				VALIDATE_PRODUCT = YES;
			};
			name = Release;
		};
		8308E45F29162B6300C7C950 /* Debug */ = {
			isa = XCBuildConfiguration;
			buildSettings = {
				ASSETCATALOG_COMPILER_APPICON_NAME = AppIcon;
				ASSETCATALOG_COMPILER_GLOBAL_ACCENT_COLOR_NAME = AccentColor;
				CODE_SIGN_STYLE = Automatic;
				CURRENT_PROJECT_VERSION = 1;
				DEVELOPMENT_ASSET_PATHS = "\"today-photo/Preview Content\"";
				DEVELOPMENT_TEAM = 92MKETXHN2;
				ENABLE_PREVIEWS = YES;
				GENERATE_INFOPLIST_FILE = YES;
				INFOPLIST_FILE = "today-photo/Info.plist";
				INFOPLIST_KEY_NSCameraUsageDescription = "이 앱은 카메라를 사용합니다.";
				INFOPLIST_KEY_NSPhotoLibraryUsageDescription = "Photo Library";
				INFOPLIST_KEY_UIApplicationSceneManifest_Generation = YES;
				INFOPLIST_KEY_UIApplicationSupportsIndirectInputEvents = YES;
				INFOPLIST_KEY_UILaunchScreen_Generation = YES;
				INFOPLIST_KEY_UISupportedInterfaceOrientations_iPad = "UIInterfaceOrientationPortrait UIInterfaceOrientationPortraitUpsideDown UIInterfaceOrientationLandscapeLeft UIInterfaceOrientationLandscapeRight";
				INFOPLIST_KEY_UISupportedInterfaceOrientations_iPhone = "UIInterfaceOrientationPortrait UIInterfaceOrientationLandscapeLeft UIInterfaceOrientationLandscapeRight";
				IPHONEOS_DEPLOYMENT_TARGET = 16.0;
				LD_RUNPATH_SEARCH_PATHS = (
					"$(inherited)",
					"@executable_path/Frameworks",
				);
				MARKETING_VERSION = 1.0;
				PRODUCT_BUNDLE_IDENTIFIER = "Kim-dongyoon.today-photo";
				PRODUCT_NAME = "$(TARGET_NAME)";
				SWIFT_EMIT_LOC_STRINGS = YES;
				SWIFT_VERSION = 5.0;
				TARGETED_DEVICE_FAMILY = "1,2";
			};
			name = Debug;
		};
		8308E46029162B6300C7C950 /* Release */ = {
			isa = XCBuildConfiguration;
			buildSettings = {
				ASSETCATALOG_COMPILER_APPICON_NAME = AppIcon;
				ASSETCATALOG_COMPILER_GLOBAL_ACCENT_COLOR_NAME = AccentColor;
				CODE_SIGN_STYLE = Automatic;
				CURRENT_PROJECT_VERSION = 1;
				DEVELOPMENT_ASSET_PATHS = "\"today-photo/Preview Content\"";
				DEVELOPMENT_TEAM = 92MKETXHN2;
				ENABLE_PREVIEWS = YES;
				GENERATE_INFOPLIST_FILE = YES;
				INFOPLIST_FILE = "today-photo/Info.plist";
				INFOPLIST_KEY_NSCameraUsageDescription = "이 앱은 카메라를 사용합니다.";
				INFOPLIST_KEY_NSPhotoLibraryUsageDescription = "Photo Library";
				INFOPLIST_KEY_UIApplicationSceneManifest_Generation = YES;
				INFOPLIST_KEY_UIApplicationSupportsIndirectInputEvents = YES;
				INFOPLIST_KEY_UILaunchScreen_Generation = YES;
				INFOPLIST_KEY_UISupportedInterfaceOrientations_iPad = "UIInterfaceOrientationPortrait UIInterfaceOrientationPortraitUpsideDown UIInterfaceOrientationLandscapeLeft UIInterfaceOrientationLandscapeRight";
				INFOPLIST_KEY_UISupportedInterfaceOrientations_iPhone = "UIInterfaceOrientationPortrait UIInterfaceOrientationLandscapeLeft UIInterfaceOrientationLandscapeRight";
				IPHONEOS_DEPLOYMENT_TARGET = 16.0;
				LD_RUNPATH_SEARCH_PATHS = (
					"$(inherited)",
					"@executable_path/Frameworks",
				);
				MARKETING_VERSION = 1.0;
				PRODUCT_BUNDLE_IDENTIFIER = "Kim-dongyoon.today-photo";
				PRODUCT_NAME = "$(TARGET_NAME)";
				SWIFT_EMIT_LOC_STRINGS = YES;
				SWIFT_VERSION = 5.0;
				TARGETED_DEVICE_FAMILY = "1,2";
			};
			name = Release;
		};
/* End XCBuildConfiguration section */

/* Begin XCConfigurationList section */
		8308E44B29162B6100C7C950 /* Build configuration list for PBXProject "today-photo" */ = {
			isa = XCConfigurationList;
			buildConfigurations = (
				8308E45C29162B6300C7C950 /* Debug */,
				8308E45D29162B6300C7C950 /* Release */,
			);
			defaultConfigurationIsVisible = 0;
			defaultConfigurationName = Release;
		};
		8308E45E29162B6300C7C950 /* Build configuration list for PBXNativeTarget "today-photo" */ = {
			isa = XCConfigurationList;
			buildConfigurations = (
				8308E45F29162B6300C7C950 /* Debug */,
				8308E46029162B6300C7C950 /* Release */,
			);
			defaultConfigurationIsVisible = 0;
			defaultConfigurationName = Release;
		};
/* End XCConfigurationList section */

/* Begin XCRemoteSwiftPackageReference section */
		204630812924B90200C60AC7 /* XCRemoteSwiftPackageReference "GoogleSignIn-iOS" */ = {
			isa = XCRemoteSwiftPackageReference;
			repositoryURL = "https://github.com/google/GoogleSignIn-iOS";
			requirement = {
				kind = upToNextMajorVersion;
				minimumVersion = 6.0.0;
			};
		};
		8308E4802920A10400C7C950 /* XCRemoteSwiftPackageReference "firebase-ios-sdk" */ = {
			isa = XCRemoteSwiftPackageReference;
			repositoryURL = "https://github.com/firebase/firebase-ios-sdk";
			requirement = {
				kind = upToNextMajorVersion;
				minimumVersion = 9.0.0;
			};
		};
/* End XCRemoteSwiftPackageReference section */

/* Begin XCSwiftPackageProductDependency section */
		204630822924B90200C60AC7 /* GoogleSignInSwift */ = {
			isa = XCSwiftPackageProductDependency;
			package = 204630812924B90200C60AC7 /* XCRemoteSwiftPackageReference "GoogleSignIn-iOS" */;
			productName = GoogleSignInSwift;
		};
		8308E4812920A10400C7C950 /* FirebaseAnalytics */ = {
			isa = XCSwiftPackageProductDependency;
			package = 8308E4802920A10400C7C950 /* XCRemoteSwiftPackageReference "firebase-ios-sdk" */;
			productName = FirebaseAnalytics;
		};
		8308E4832920A10400C7C950 /* FirebaseAuth */ = {
			isa = XCSwiftPackageProductDependency;
			package = 8308E4802920A10400C7C950 /* XCRemoteSwiftPackageReference "firebase-ios-sdk" */;
			productName = FirebaseAuth;
		};
		8308E4852920A10400C7C950 /* FirebaseFirestore */ = {
			isa = XCSwiftPackageProductDependency;
			package = 8308E4802920A10400C7C950 /* XCRemoteSwiftPackageReference "firebase-ios-sdk" */;
			productName = FirebaseFirestore;
		};
		8308E4872920A10400C7C950 /* FirebaseFirestoreSwift */ = {
			isa = XCSwiftPackageProductDependency;
			package = 8308E4802920A10400C7C950 /* XCRemoteSwiftPackageReference "firebase-ios-sdk" */;
			productName = FirebaseFirestoreSwift;
		};
		8308E4892920A10400C7C950 /* FirebaseStorage */ = {
			isa = XCSwiftPackageProductDependency;
			package = 8308E4802920A10400C7C950 /* XCRemoteSwiftPackageReference "firebase-ios-sdk" */;
			productName = FirebaseStorage;
		};
/* End XCSwiftPackageProductDependency section */
	};
	rootObject = 8308E44829162B6100C7C950 /* Project object */;
}
